
Microsoft Visual Studio Solution File, Format Version 12.00
# Visual Studio Version 16
VisualStudioVersion = 16.0.31005.135
MinimumVisualStudioVersion = 10.0.40219.1
Project("{FAE04EC0-301F-11D3-BF4B-00C04F79EFBC}") = "backend_CA", "backend_CA.csproj", "{93731260-67F1-47ED-9A0C-C2489E2DC72F}"
EndProject
Global
	GlobalSection(SolutionConfigurationPlatforms) = preSolution
		Debug|Any CPU = Debug|Any CPU
		Release|Any CPU = Release|Any CPU
	EndGlobalSection
	GlobalSection(ProjectConfigurationPlatforms) = postSolution
		{93731260-67F1-47ED-9A0C-C2489E2DC72F}.Debug|Any CPU.ActiveCfg = Debug|Any CPU
		{93731260-67F1-47ED-9A0C-C2489E2DC72F}.Debug|Any CPU.Build.0 = Debug|Any CPU
		{93731260-67F1-47ED-9A0C-C2489E2DC72F}.Release|Any CPU.ActiveCfg = Release|Any CPU
		{93731260-67F1-47ED-9A0C-C2489E2DC72F}.Release|Any CPU.Build.0 = Release|Any CPU
	EndGlobalSection
	GlobalSection(SolutionProperties) = preSolution
		HideSolutionNode = FALSE
	EndGlobalSection
	GlobalSection(ExtensibilityGlobals) = postSolution
		SolutionGuid = {640A0FA4-0ED4-4880-BE87-B62762E1F525}
	EndGlobalSection
EndGlobal
